
Microsoft Visual Studio Solution File, Format Version 12.00
# Visual Studio 15
VisualStudioVersion = 15.0.28307.136
MinimumVisualStudioVersion = 10.0.40219.1
Project("{9A19103F-16F7-4668-BE54-9A1E7A4F7556}") = "PrismaDB-QueryParser-Postgres", "PrismaDB-QueryParser-Postgres\PrismaDB-QueryParser-Postgres.csproj", "{68B234CF-A170-42A4-B649-53644B457C99}"
EndProject
Project("{2150E333-8FDC-42A3-9474-1A3956D46DE8}") = "Solution Items", "Solution Items", "{40EF8FCA-E420-42FB-88B3-1D4D085430D7}"
	ProjectSection(SolutionItems) = preProject
		.gitattributes = .gitattributes
		.gitignore = .gitignore
		nuget.config = nuget.config
		README.md = README.md
	EndProjectSection
EndProject
Project("{FAE04EC0-301F-11D3-BF4B-00C04F79EFBC}") = "ParserTests", "ParserTests\ParserTests.csproj", "{B8993A3B-C75F-47DA-AC87-1B4873D5FFD3}"
EndProject
Global
	GlobalSection(SolutionConfigurationPlatforms) = preSolution
		Debug|Any CPU = Debug|Any CPU
		Release|Any CPU = Release|Any CPU
	EndGlobalSection
	GlobalSection(ProjectConfigurationPlatforms) = postSolution
		{68B234CF-A170-42A4-B649-53644B457C99}.Debug|Any CPU.ActiveCfg = Debug|Any CPU
		{68B234CF-A170-42A4-B649-53644B457C99}.Debug|Any CPU.Build.0 = Debug|Any CPU
		{68B234CF-A170-42A4-B649-53644B457C99}.Release|Any CPU.ActiveCfg = Release|Any CPU
		{68B234CF-A170-42A4-B649-53644B457C99}.Release|Any CPU.Build.0 = Release|Any CPU
		{B8993A3B-C75F-47DA-AC87-1B4873D5FFD3}.Debug|Any CPU.ActiveCfg = Debug|Any CPU
		{B8993A3B-C75F-47DA-AC87-1B4873D5FFD3}.Debug|Any CPU.Build.0 = Debug|Any CPU
		{B8993A3B-C75F-47DA-AC87-1B4873D5FFD3}.Release|Any CPU.ActiveCfg = Release|Any CPU
		{B8993A3B-C75F-47DA-AC87-1B4873D5FFD3}.Release|Any CPU.Build.0 = Release|Any CPU
	EndGlobalSection
	GlobalSection(SolutionProperties) = preSolution
		HideSolutionNode = FALSE
	EndGlobalSection
	GlobalSection(ExtensibilityGlobals) = postSolution
		SolutionGuid = {1B4C1830-24B3-48C9-9647-462B1CA3D27B}
	EndGlobalSection
EndGlobal
